
Microsoft Visual Studio Solution File, Format Version 12.00
# Visual Studio Version 16
VisualStudioVersion = 16.0.29905.134
MinimumVisualStudioVersion = 10.0.40219.1
Project("{FAE04EC0-301F-11D3-BF4B-00C04F79EFBC}") = "Q1(i)", "Looping_with_fors\Q1(i).csproj", "{DD9EF8F3-FCC2-4682-BAC6-B8A86C54374B}"
EndProject
Project("{FAE04EC0-301F-11D3-BF4B-00C04F79EFBC}") = "Q1(ii)", "Q1(ii)\Q1(ii).csproj", "{B04E5B7C-6A57-4E29-A507-CD07E1F63F0C}"
EndProject
Project("{FAE04EC0-301F-11D3-BF4B-00C04F79EFBC}") = "Q1(iii)", "Q1(iii)\Q1(iii).csproj", "{7319FBF8-342F-4A81-BF16-367DEB5AFC94}"
EndProject
Project("{FAE04EC0-301F-11D3-BF4B-00C04F79EFBC}") = "Q1(iv)", "Q1(iv)\Q1(iv).csproj", "{47E44B69-05BB-49F5-A811-C8BDD8858B5D}"
EndProject
Project("{FAE04EC0-301F-11D3-BF4B-00C04F79EFBC}") = "Q2", "Q2\Q2.csproj", "{2D5F1A41-5612-4897-AC28-24106D602405}"
EndProject
Project("{FAE04EC0-301F-11D3-BF4B-00C04F79EFBC}") = "Q3", "Q3\Q3.csproj", "{873F1FC4-7F67-4D13-9DDE-C930430D3254}"
EndProject
Project("{FAE04EC0-301F-11D3-BF4B-00C04F79EFBC}") = "Q4", "Q4\Q4.csproj", "{25750B67-CC03-4FE3-BE98-FB5F5DD1E1BC}"
EndProject
Project("{FAE04EC0-301F-11D3-BF4B-00C04F79EFBC}") = "Q5", "Q5\Q5.csproj", "{C6E5E043-403E-479C-A4A2-12B91C1FDCC9}"
EndProject
Project("{FAE04EC0-301F-11D3-BF4B-00C04F79EFBC}") = "Q6", "Q6\Q6.csproj", "{711CF981-22F6-4F17-B34E-61E50C53979C}"
EndProject
Project("{FAE04EC0-301F-11D3-BF4B-00C04F79EFBC}") = "Q7", "Q7\Q7.csproj", "{EBAC9E2F-64C9-466C-86A2-D0143E0A7493}"
EndProject
Global
	GlobalSection(SolutionConfigurationPlatforms) = preSolution
		Debug|Any CPU = Debug|Any CPU
		Debug|ARM = Debug|ARM
		Debug|x64 = Debug|x64
		Debug|x86 = Debug|x86
		Release|Any CPU = Release|Any CPU
		Release|ARM = Release|ARM
		Release|x64 = Release|x64
		Release|x86 = Release|x86
	EndGlobalSection
	GlobalSection(ProjectConfigurationPlatforms) = postSolution
		{DD9EF8F3-FCC2-4682-BAC6-B8A86C54374B}.Debug|Any CPU.ActiveCfg = Debug|Any CPU
		{DD9EF8F3-FCC2-4682-BAC6-B8A86C54374B}.Debug|Any CPU.Build.0 = Debug|Any CPU
		{DD9EF8F3-FCC2-4682-BAC6-B8A86C54374B}.Debug|ARM.ActiveCfg = Debug|Any CPU
		{DD9EF8F3-FCC2-4682-BAC6-B8A86C54374B}.Debug|ARM.Build.0 = Debug|Any CPU
		{DD9EF8F3-FCC2-4682-BAC6-B8A86C54374B}.Debug|x64.ActiveCfg = Debug|Any CPU
		{DD9EF8F3-FCC2-4682-BAC6-B8A86C54374B}.Debug|x64.Build.0 = Debug|Any CPU
		{DD9EF8F3-FCC2-4682-BAC6-B8A86C54374B}.Debug|x86.ActiveCfg = Debug|Any CPU
		{DD9EF8F3-FCC2-4682-BAC6-B8A86C54374B}.Debug|x86.Build.0 = Debug|Any CPU
		{DD9EF8F3-FCC2-4682-BAC6-B8A86C54374B}.Release|Any CPU.ActiveCfg = Release|Any CPU
		{DD9EF8F3-FCC2-4682-BAC6-B8A86C54374B}.Release|Any CPU.Build.0 = Release|Any CPU
		{DD9EF8F3-FCC2-4682-BAC6-B8A86C54374B}.Release|ARM.ActiveCfg = Release|Any CPU
		{DD9EF8F3-FCC2-4682-BAC6-B8A86C54374B}.Release|ARM.Build.0 = Release|Any CPU
		{DD9EF8F3-FCC2-4682-BAC6-B8A86C54374B}.Release|x64.ActiveCfg = Release|Any CPU
		{DD9EF8F3-FCC2-4682-BAC6-B8A86C54374B}.Release|x64.Build.0 = Release|Any CPU
		{DD9EF8F3-FCC2-4682-BAC6-B8A86C54374B}.Release|x86.ActiveCfg = Release|Any CPU
		{DD9EF8F3-FCC2-4682-BAC6-B8A86C54374B}.Release|x86.Build.0 = Release|Any CPU
		{B04E5B7C-6A57-4E29-A507-CD07E1F63F0C}.Debug|Any CPU.ActiveCfg = Debug|Any CPU
		{B04E5B7C-6A57-4E29-A507-CD07E1F63F0C}.Debug|Any CPU.Build.0 = Debug|Any CPU
		{B04E5B7C-6A57-4E29-A507-CD07E1F63F0C}.Debug|ARM.ActiveCfg = Debug|Any CPU
		{B04E5B7C-6A57-4E29-A507-CD07E1F63F0C}.Debug|ARM.Build.0 = Debug|Any CPU
		{B04E5B7C-6A57-4E29-A507-CD07E1F63F0C}.Debug|x64.ActiveCfg = Debug|Any CPU
		{B04E5B7C-6A57-4E29-A507-CD07E1F63F0C}.Debug|x64.Build.0 = Debug|Any CPU
		{B04E5B7C-6A57-4E29-A507-CD07E1F63F0C}.Debug|x86.ActiveCfg = Debug|Any CPU
		{B04E5B7C-6A57-4E29-A507-CD07E1F63F0C}.Debug|x86.Build.0 = Debug|Any CPU
		{B04E5B7C-6A57-4E29-A507-CD07E1F63F0C}.Release|Any CPU.ActiveCfg = Release|Any CPU
		{B04E5B7C-6A57-4E29-A507-CD07E1F63F0C}.Release|Any CPU.Build.0 = Release|Any CPU
		{B04E5B7C-6A57-4E29-A507-CD07E1F63F0C}.Release|ARM.ActiveCfg = Release|Any CPU
		{B04E5B7C-6A57-4E29-A507-CD07E1F63F0C}.Release|ARM.Build.0 = Release|Any CPU
		{B04E5B7C-6A57-4E29-A507-CD07E1F63F0C}.Release|x64.ActiveCfg = Release|Any CPU
		{B04E5B7C-6A57-4E29-A507-CD07E1F63F0C}.Release|x64.Build.0 = Release|Any CPU
		{B04E5B7C-6A57-4E29-A507-CD07E1F63F0C}.Release|x86.ActiveCfg = Release|Any CPU
		{B04E5B7C-6A57-4E29-A507-CD07E1F63F0C}.Release|x86.Build.0 = Release|Any CPU
		{7319FBF8-342F-4A81-BF16-367DEB5AFC94}.Debug|Any CPU.ActiveCfg = Debug|Any CPU
		{7319FBF8-342F-4A81-BF16-367DEB5AFC94}.Debug|Any CPU.Build.0 = Debug|Any CPU
		{7319FBF8-342F-4A81-BF16-367DEB5AFC94}.Debug|ARM.ActiveCfg = Debug|Any CPU
		{7319FBF8-342F-4A81-BF16-367DEB5AFC94}.Debug|ARM.Build.0 = Debug|Any CPU
		{7319FBF8-342F-4A81-BF16-367DEB5AFC94}.Debug|x64.ActiveCfg = Debug|Any CPU
		{7319FBF8-342F-4A81-BF16-367DEB5AFC94}.Debug|x64.Build.0 = Debug|Any CPU
		{7319FBF8-342F-4A81-BF16-367DEB5AFC94}.Debug|x86.ActiveCfg = Debug|Any CPU
		{7319FBF8-342F-4A81-BF16-367DEB5AFC94}.Debug|x86.Build.0 = Debug|Any CPU
		{7319FBF8-342F-4A81-BF16-367DEB5AFC94}.Release|Any CPU.ActiveCfg = Release|Any CPU
		{7319FBF8-342F-4A81-BF16-367DEB5AFC94}.Release|Any CPU.Build.0 = Release|Any CPU
		{7319FBF8-342F-4A81-BF16-367DEB5AFC94}.Release|ARM.ActiveCfg = Release|Any CPU
		{7319FBF8-342F-4A81-BF16-367DEB5AFC94}.Release|ARM.Build.0 = Release|Any CPU
		{7319FBF8-342F-4A81-BF16-367DEB5AFC94}.Release|x64.ActiveCfg = Release|Any CPU
		{7319FBF8-342F-4A81-BF16-367DEB5AFC94}.Release|x64.Build.0 = Release|Any CPU
		{7319FBF8-342F-4A81-BF16-367DEB5AFC94}.Release|x86.ActiveCfg = Release|Any CPU
		{7319FBF8-342F-4A81-BF16-367DEB5AFC94}.Release|x86.Build.0 = Release|Any CPU
		{47E44B69-05BB-49F5-A811-C8BDD8858B5D}.Debug|Any CPU.ActiveCfg = Debug|Any CPU
		{47E44B69-05BB-49F5-A811-C8BDD8858B5D}.Debug|Any CPU.Build.0 = Debug|Any CPU
		{47E44B69-05BB-49F5-A811-C8BDD8858B5D}.Debug|ARM.ActiveCfg = Debug|Any CPU
		{47E44B69-05BB-49F5-A811-C8BDD8858B5D}.Debug|ARM.Build.0 = Debug|Any CPU
		{47E44B69-05BB-49F5-A811-C8BDD8858B5D}.Debug|x64.ActiveCfg = Debug|Any CPU
		{47E44B69-05BB-49F5-A811-C8BDD8858B5D}.Debug|x64.Build.0 = Debug|Any CPU
		{47E44B69-05BB-49F5-A811-C8BDD8858B5D}.Debug|x86.ActiveCfg = Debug|Any CPU
		{47E44B69-05BB-49F5-A811-C8BDD8858B5D}.Debug|x86.Build.0 = Debug|Any CPU
		{47E44B69-05BB-49F5-A811-C8BDD8858B5D}.Release|Any CPU.ActiveCfg = Release|Any CPU
		{47E44B69-05BB-49F5-A811-C8BDD8858B5D}.Release|Any CPU.Build.0 = Release|Any CPU
		{47E44B69-05BB-49F5-A811-C8BDD8858B5D}.Release|ARM.ActiveCfg = Release|Any CPU
		{47E44B69-05BB-49F5-A811-C8BDD8858B5D}.Release|ARM.Build.0 = Release|Any CPU
		{47E44B69-05BB-49F5-A811-C8BDD8858B5D}.Release|x64.ActiveCfg = Release|Any CPU
		{47E44B69-05BB-49F5-A811-C8BDD8858B5D}.Release|x64.Build.0 = Release|Any CPU
		{47E44B69-05BB-49F5-A811-C8BDD8858B5D}.Release|x86.ActiveCfg = Release|Any CPU
		{47E44B69-05BB-49F5-A811-C8BDD8858B5D}.Release|x86.Build.0 = Release|Any CPU
		{2D5F1A41-5612-4897-AC28-24106D602405}.Debug|Any CPU.ActiveCfg = Debug|Any CPU
		{2D5F1A41-5612-4897-AC28-24106D602405}.Debug|Any CPU.Build.0 = Debug|Any CPU
		{2D5F1A41-5612-4897-AC28-24106D602405}.Debug|ARM.ActiveCfg = Debug|Any CPU
		{2D5F1A41-5612-4897-AC28-24106D602405}.Debug|ARM.Build.0 = Debug|Any CPU
		{2D5F1A41-5612-4897-AC28-24106D602405}.Debug|x64.ActiveCfg = Debug|Any CPU
		{2D5F1A41-5612-4897-AC28-24106D602405}.Debug|x64.Build.0 = Debug|Any CPU
		{2D5F1A41-5612-4897-AC28-24106D602405}.Debug|x86.ActiveCfg = Debug|Any CPU
		{2D5F1A41-5612-4897-AC28-24106D602405}.Debug|x86.Build.0 = Debug|Any CPU
		{2D5F1A41-5612-4897-AC28-24106D602405}.Release|Any CPU.ActiveCfg = Release|Any CPU
		{2D5F1A41-5612-4897-AC28-24106D602405}.Release|Any CPU.Build.0 = Release|Any CPU
		{2D5F1A41-5612-4897-AC28-24106D602405}.Release|ARM.ActiveCfg = Release|Any CPU
		{2D5F1A41-5612-4897-AC28-24106D602405}.Release|ARM.Build.0 = Release|Any CPU
		{2D5F1A41-5612-4897-AC28-24106D602405}.Release|x64.ActiveCfg = Release|Any CPU
		{2D5F1A41-5612-4897-AC28-24106D602405}.Release|x64.Build.0 = Release|Any CPU
		{2D5F1A41-5612-4897-AC28-24106D602405}.Release|x86.ActiveCfg = Release|Any CPU
		{2D5F1A41-5612-4897-AC28-24106D602405}.Release|x86.Build.0 = Release|Any CPU
		{873F1FC4-7F67-4D13-9DDE-C930430D3254}.Debug|Any CPU.ActiveCfg = Debug|Any CPU
		{873F1FC4-7F67-4D13-9DDE-C930430D3254}.Debug|Any CPU.Build.0 = Debug|Any CPU
		{873F1FC4-7F67-4D13-9DDE-C930430D3254}.Debug|ARM.ActiveCfg = Debug|Any CPU
		{873F1FC4-7F67-4D13-9DDE-C930430D3254}.Debug|ARM.Build.0 = Debug|Any CPU
		{873F1FC4-7F67-4D13-9DDE-C930430D3254}.Debug|x64.ActiveCfg = Debug|Any CPU
		{873F1FC4-7F67-4D13-9DDE-C930430D3254}.Debug|x64.Build.0 = Debug|Any CPU
		{873F1FC4-7F67-4D13-9DDE-C930430D3254}.Debug|x86.ActiveCfg = Debug|Any CPU
		{873F1FC4-7F67-4D13-9DDE-C930430D3254}.Debug|x86.Build.0 = Debug|Any CPU
		{873F1FC4-7F67-4D13-9DDE-C930430D3254}.Release|Any CPU.ActiveCfg = Release|Any CPU
		{873F1FC4-7F67-4D13-9DDE-C930430D3254}.Release|Any CPU.Build.0 = Release|Any CPU
		{873F1FC4-7F67-4D13-9DDE-C930430D3254}.Release|ARM.ActiveCfg = Release|Any CPU
		{873F1FC4-7F67-4D13-9DDE-C930430D3254}.Release|ARM.Build.0 = Release|Any CPU
		{873F1FC4-7F67-4D13-9DDE-C930430D3254}.Release|x64.ActiveCfg = Release|Any CPU
		{873F1FC4-7F67-4D13-9DDE-C930430D3254}.Release|x64.Build.0 = Release|Any CPU
		{873F1FC4-7F67-4D13-9DDE-C930430D3254}.Release|x86.ActiveCfg = Release|Any CPU
		{873F1FC4-7F67-4D13-9DDE-C930430D3254}.Release|x86.Build.0 = Release|Any CPU
		{25750B67-CC03-4FE3-BE98-FB5F5DD1E1BC}.Debug|Any CPU.ActiveCfg = Debug|Any CPU
		{25750B67-CC03-4FE3-BE98-FB5F5DD1E1BC}.Debug|Any CPU.Build.0 = Debug|Any CPU
		{25750B67-CC03-4FE3-BE98-FB5F5DD1E1BC}.Debug|ARM.ActiveCfg = Debug|Any CPU
		{25750B67-CC03-4FE3-BE98-FB5F5DD1E1BC}.Debug|ARM.Build.0 = Debug|Any CPU
		{25750B67-CC03-4FE3-BE98-FB5F5DD1E1BC}.Debug|x64.ActiveCfg = Debug|Any CPU
		{25750B67-CC03-4FE3-BE98-FB5F5DD1E1BC}.Debug|x64.Build.0 = Debug|Any CPU
		{25750B67-CC03-4FE3-BE98-FB5F5DD1E1BC}.Debug|x86.ActiveCfg = Debug|Any CPU
		{25750B67-CC03-4FE3-BE98-FB5F5DD1E1BC}.Debug|x86.Build.0 = Debug|Any CPU
		{25750B67-CC03-4FE3-BE98-FB5F5DD1E1BC}.Release|Any CPU.ActiveCfg = Release|Any CPU
		{25750B67-CC03-4FE3-BE98-FB5F5DD1E1BC}.Release|Any CPU.Build.0 = Release|Any CPU
		{25750B67-CC03-4FE3-BE98-FB5F5DD1E1BC}.Release|ARM.ActiveCfg = Release|Any CPU
		{25750B67-CC03-4FE3-BE98-FB5F5DD1E1BC}.Release|ARM.Build.0 = Release|Any CPU
		{25750B67-CC03-4FE3-BE98-FB5F5DD1E1BC}.Release|x64.ActiveCfg = Release|Any CPU
		{25750B67-CC03-4FE3-BE98-FB5F5DD1E1BC}.Release|x64.Build.0 = Release|Any CPU
		{25750B67-CC03-4FE3-BE98-FB5F5DD1E1BC}.Release|x86.ActiveCfg = Release|Any CPU
		{25750B67-CC03-4FE3-BE98-FB5F5DD1E1BC}.Release|x86.Build.0 = Release|Any CPU
		{C6E5E043-403E-479C-A4A2-12B91C1FDCC9}.Debug|Any CPU.ActiveCfg = Debug|Any CPU
		{C6E5E043-403E-479C-A4A2-12B91C1FDCC9}.Debug|Any CPU.Build.0 = Debug|Any CPU
		{C6E5E043-403E-479C-A4A2-12B91C1FDCC9}.Debug|ARM.ActiveCfg = Debug|Any CPU
		{C6E5E043-403E-479C-A4A2-12B91C1FDCC9}.Debug|ARM.Build.0 = Debug|Any CPU
		{C6E5E043-403E-479C-A4A2-12B91C1FDCC9}.Debug|x64.ActiveCfg = Debug|Any CPU
		{C6E5E043-403E-479C-A4A2-12B91C1FDCC9}.Debug|x64.Build.0 = Debug|Any CPU
		{C6E5E043-403E-479C-A4A2-12B91C1FDCC9}.Debug|x86.ActiveCfg = Debug|Any CPU
		{C6E5E043-403E-479C-A4A2-12B91C1FDCC9}.Debug|x86.Build.0 = Debug|Any CPU
		{C6E5E043-403E-479C-A4A2-12B91C1FDCC9}.Release|Any CPU.ActiveCfg = Release|Any CPU
		{C6E5E043-403E-479C-A4A2-12B91C1FDCC9}.Release|Any CPU.Build.0 = Release|Any CPU
		{C6E5E043-403E-479C-A4A2-12B91C1FDCC9}.Release|ARM.ActiveCfg = Release|Any CPU
		{C6E5E043-403E-479C-A4A2-12B91C1FDCC9}.Release|ARM.Build.0 = Release|Any CPU
		{C6E5E043-403E-479C-A4A2-12B91C1FDCC9}.Release|x64.ActiveCfg = Release|Any CPU
		{C6E5E043-403E-479C-A4A2-12B91C1FDCC9}.Release|x64.Build.0 = Release|Any CPU
		{C6E5E043-403E-479C-A4A2-12B91C1FDCC9}.Release|x86.ActiveCfg = Release|Any CPU
		{C6E5E043-403E-479C-A4A2-12B91C1FDCC9}.Release|x86.Build.0 = Release|Any CPU
		{711CF981-22F6-4F17-B34E-61E50C53979C}.Debug|Any CPU.ActiveCfg = Debug|Any CPU
		{711CF981-22F6-4F17-B34E-61E50C53979C}.Debug|Any CPU.Build.0 = Debug|Any CPU
		{711CF981-22F6-4F17-B34E-61E50C53979C}.Debug|ARM.ActiveCfg = Debug|Any CPU
		{711CF981-22F6-4F17-B34E-61E50C53979C}.Debug|ARM.Build.0 = Debug|Any CPU
		{711CF981-22F6-4F17-B34E-61E50C53979C}.Debug|x64.ActiveCfg = Debug|Any CPU
		{711CF981-22F6-4F17-B34E-61E50C53979C}.Debug|x64.Build.0 = Debug|Any CPU
		{711CF981-22F6-4F17-B34E-61E50C53979C}.Debug|x86.ActiveCfg = Debug|Any CPU
		{711CF981-22F6-4F17-B34E-61E50C53979C}.Debug|x86.Build.0 = Debug|Any CPU
		{711CF981-22F6-4F17-B34E-61E50C53979C}.Release|Any CPU.ActiveCfg = Release|Any CPU
		{711CF981-22F6-4F17-B34E-61E50C53979C}.Release|Any CPU.Build.0 = Release|Any CPU
		{711CF981-22F6-4F17-B34E-61E50C53979C}.Release|ARM.ActiveCfg = Release|Any CPU
		{711CF981-22F6-4F17-B34E-61E50C53979C}.Release|ARM.Build.0 = Release|Any CPU
		{711CF981-22F6-4F17-B34E-61E50C53979C}.Release|x64.ActiveCfg = Release|Any CPU
		{711CF981-22F6-4F17-B34E-61E50C53979C}.Release|x64.Build.0 = Release|Any CPU
		{711CF981-22F6-4F17-B34E-61E50C53979C}.Release|x86.ActiveCfg = Release|Any CPU
		{711CF981-22F6-4F17-B34E-61E50C53979C}.Release|x86.Build.0 = Release|Any CPU
		{EBAC9E2F-64C9-466C-86A2-D0143E0A7493}.Debug|Any CPU.ActiveCfg = Debug|Any CPU
		{EBAC9E2F-64C9-466C-86A2-D0143E0A7493}.Debug|Any CPU.Build.0 = Debug|Any CPU
		{EBAC9E2F-64C9-466C-86A2-D0143E0A7493}.Debug|ARM.ActiveCfg = Debug|Any CPU
		{EBAC9E2F-64C9-466C-86A2-D0143E0A7493}.Debug|ARM.Build.0 = Debug|Any CPU
		{EBAC9E2F-64C9-466C-86A2-D0143E0A7493}.Debug|x64.ActiveCfg = Debug|Any CPU
		{EBAC9E2F-64C9-466C-86A2-D0143E0A7493}.Debug|x64.Build.0 = Debug|Any CPU
		{EBAC9E2F-64C9-466C-86A2-D0143E0A7493}.Debug|x86.ActiveCfg = Debug|Any CPU
		{EBAC9E2F-64C9-466C-86A2-D0143E0A7493}.Debug|x86.Build.0 = Debug|Any CPU
		{EBAC9E2F-64C9-466C-86A2-D0143E0A7493}.Release|Any CPU.ActiveCfg = Release|Any CPU
		{EBAC9E2F-64C9-466C-86A2-D0143E0A7493}.Release|Any CPU.Build.0 = Release|Any CPU
		{EBAC9E2F-64C9-466C-86A2-D0143E0A7493}.Release|ARM.ActiveCfg = Release|Any CPU
		{EBAC9E2F-64C9-466C-86A2-D0143E0A7493}.Release|ARM.Build.0 = Release|Any CPU
		{EBAC9E2F-64C9-466C-86A2-D0143E0A7493}.Release|x64.ActiveCfg = Release|Any CPU
		{EBAC9E2F-64C9-466C-86A2-D0143E0A7493}.Release|x64.Build.0 = Release|Any CPU
		{EBAC9E2F-64C9-466C-86A2-D0143E0A7493}.Release|x86.ActiveCfg = Release|Any CPU
		{EBAC9E2F-64C9-466C-86A2-D0143E0A7493}.Release|x86.Build.0 = Release|Any CPU
	EndGlobalSection
	GlobalSection(SolutionProperties) = preSolution
		HideSolutionNode = FALSE
	EndGlobalSection
	GlobalSection(ExtensibilityGlobals) = postSolution
		SolutionGuid = {8FCB0E3E-B3D8-4D28-9027-AD750961F11B}
	EndGlobalSection
EndGlobal
